
Microsoft Visual Studio Solution File, Format Version 12.00
# Visual Studio Version 16
VisualStudioVersion = 16.0.29209.62
MinimumVisualStudioVersion = 10.0.40219.1
Project("{FAE04EC0-301F-11D3-BF4B-00C04F79EFBC}") = "DemoConsole", "DemoConsole\DemoConsole.csproj", "{AEF239E6-0A21-4CE4-B67F-C6C0A9265078}"
EndProject
Global
	GlobalSection(SolutionConfigurationPlatforms) = preSolution
		Debug|Any CPU = Debug|Any CPU
		Release|Any CPU = Release|Any CPU
	EndGlobalSection
	GlobalSection(ProjectConfigurationPlatforms) = postSolution
		{AEF239E6-0A21-4CE4-B67F-C6C0A9265078}.Debug|Any CPU.ActiveCfg = Debug|Any CPU
		{AEF239E6-0A21-4CE4-B67F-C6C0A9265078}.Debug|Any CPU.Build.0 = Debug|Any CPU
		{AEF239E6-0A21-4CE4-B67F-C6C0A9265078}.Release|Any CPU.ActiveCfg = Release|Any CPU
		{AEF239E6-0A21-4CE4-B67F-C6C0A9265078}.Release|Any CPU.Build.0 = Release|Any CPU
	EndGlobalSection
	GlobalSection(SolutionProperties) = preSolution
		HideSolutionNode = FALSE
	EndGlobalSection
	GlobalSection(ExtensibilityGlobals) = postSolution
		SolutionGuid = {839544BD-F1F4-4E93-9FF3-138277E17E34}
	EndGlobalSection
EndGlobal
