
Microsoft Visual Studio Solution File, Format Version 12.00
# Visual Studio Version 16
VisualStudioVersion = 16.0.29306.81
MinimumVisualStudioVersion = 10.0.40219.1
Project("{FAE04EC0-301F-11D3-BF4B-00C04F79EFBC}") = "WebApp", "WebApp\WebApp.csproj", "{24866965-08C8-4346-93E2-F059EF466FA7}"
EndProject
Project("{FAE04EC0-301F-11D3-BF4B-00C04F79EFBC}") = "PraticeSystem", "PraticeSystem\PraticeSystem.csproj", "{2EC177F5-2E51-4FCA-B36D-3F68CACF753A}"
EndProject
Global
	GlobalSection(SolutionConfigurationPlatforms) = preSolution
		Debug|Any CPU = Debug|Any CPU
		Release|Any CPU = Release|Any CPU
	EndGlobalSection
	GlobalSection(ProjectConfigurationPlatforms) = postSolution
		{24866965-08C8-4346-93E2-F059EF466FA7}.Debug|Any CPU.ActiveCfg = Debug|Any CPU
		{24866965-08C8-4346-93E2-F059EF466FA7}.Debug|Any CPU.Build.0 = Debug|Any CPU
		{24866965-08C8-4346-93E2-F059EF466FA7}.Release|Any CPU.ActiveCfg = Release|Any CPU
		{24866965-08C8-4346-93E2-F059EF466FA7}.Release|Any CPU.Build.0 = Release|Any CPU
		{2EC177F5-2E51-4FCA-B36D-3F68CACF753A}.Debug|Any CPU.ActiveCfg = Debug|Any CPU
		{2EC177F5-2E51-4FCA-B36D-3F68CACF753A}.Debug|Any CPU.Build.0 = Debug|Any CPU
		{2EC177F5-2E51-4FCA-B36D-3F68CACF753A}.Release|Any CPU.ActiveCfg = Release|Any CPU
		{2EC177F5-2E51-4FCA-B36D-3F68CACF753A}.Release|Any CPU.Build.0 = Release|Any CPU
	EndGlobalSection
	GlobalSection(SolutionProperties) = preSolution
		HideSolutionNode = FALSE
	EndGlobalSection
	GlobalSection(ExtensibilityGlobals) = postSolution
		SolutionGuid = {27F2D530-B04A-4336-B523-32D25C50F466}
	EndGlobalSection
EndGlobal
